
Microsoft Visual Studio Solution File, Format Version 12.00
# Visual Studio Version 17
VisualStudioVersion = 17.9.34723.18
MinimumVisualStudioVersion = 10.0.40219.1
Project("{FAE04EC0-301F-11D3-BF4B-00C04F79EFBC}") = "WpfApp2", "WpfApp2\WpfApp2.csproj", "{7F479457-64CD-4899-92D5-A726AFFC3C41}"
EndProject
Project("{2150E333-8FDC-42A3-9474-1A3956D46DE8}") = "Услуги салона красоты", "Услуги салона красоты", "{D1953090-9E50-4E8E-80AF-FE8CAB886F89}"
	ProjectSection(SolutionItems) = preProject
		..\..\..\Downloads\Салон красоты - услуги\Салон красоты - услуги\Сессия 1\services_b_import\Услуги салона красоты\122454.png = ..\..\..\Downloads\Салон красоты - услуги\Салон красоты - услуги\Сессия 1\services_b_import\Услуги салона красоты\122454.png
		..\..\..\Downloads\Салон красоты - услуги\Салон красоты - услуги\Сессия 1\services_b_import\Услуги салона красоты\96.png = ..\..\..\Downloads\Салон красоты - услуги\Салон красоты - услуги\Сессия 1\services_b_import\Услуги салона красоты\96.png
		..\..\..\Downloads\Салон красоты - услуги\Салон красоты - услуги\Сессия 1\services_b_import\Услуги салона красоты\face.png = ..\..\..\Downloads\Салон красоты - услуги\Салон красоты - услуги\Сессия 1\services_b_import\Услуги салона красоты\face.png
		..\..\..\Downloads\Салон красоты - услуги\Салон красоты - услуги\Сессия 1\services_b_import\Услуги салона красоты\makeup.jpg = ..\..\..\Downloads\Салон красоты - услуги\Салон красоты - услуги\Сессия 1\services_b_import\Услуги салона красоты\makeup.jpg
		..\..\..\Downloads\Салон красоты - услуги\Салон красоты - услуги\Сессия 1\services_b_import\Услуги салона красоты\man.png = ..\..\..\Downloads\Салон красоты - услуги\Салон красоты - услуги\Сессия 1\services_b_import\Услуги салона красоты\man.png
		..\..\..\Downloads\Салон красоты - услуги\Салон красоты - услуги\Сессия 1\services_b_import\Услуги салона красоты\mask.jpeg = ..\..\..\Downloads\Салон красоты - услуги\Салон красоты - услуги\Сессия 1\services_b_import\Услуги салона красоты\mask.jpeg
		..\..\..\Downloads\Салон красоты - услуги\Салон красоты - услуги\Сессия 1\services_b_import\Услуги салона красоты\piling.jpg = ..\..\..\Downloads\Салон красоты - услуги\Салон красоты - услуги\Сессия 1\services_b_import\Услуги салона красоты\piling.jpg
		..\..\..\Downloads\Салон красоты - услуги\Салон красоты - услуги\Сессия 1\services_b_import\Услуги салона красоты\soliarij.jpg = ..\..\..\Downloads\Салон красоты - услуги\Салон красоты - услуги\Сессия 1\services_b_import\Услуги салона красоты\soliarij.jpg
		..\..\..\Downloads\Салон красоты - услуги\Салон красоты - услуги\Сессия 1\services_b_import\Услуги салона красоты\брови.png = ..\..\..\Downloads\Салон красоты - услуги\Салон красоты - услуги\Сессия 1\services_b_import\Услуги салона красоты\брови.png
		..\..\..\Downloads\Салон красоты - услуги\Салон красоты - услуги\Сессия 1\services_b_import\Услуги салона красоты\Гречишный массаж.jpg = ..\..\..\Downloads\Салон красоты - услуги\Салон красоты - услуги\Сессия 1\services_b_import\Услуги салона красоты\Гречишный массаж.jpg
		..\..\..\Downloads\Салон красоты - услуги\Салон красоты - услуги\Сессия 1\services_b_import\Услуги салона красоты\Декорирование нарощенных ресниц стразами.jpg = ..\..\..\Downloads\Салон красоты - услуги\Салон красоты - услуги\Сессия 1\services_b_import\Услуги салона красоты\Декорирование нарощенных ресниц стразами.jpg
		..\..\..\Downloads\Салон красоты - услуги\Салон красоты - услуги\Сессия 1\services_b_import\Услуги салона красоты\Демакияж.jpg = ..\..\..\Downloads\Салон красоты - услуги\Салон красоты - услуги\Сессия 1\services_b_import\Услуги салона красоты\Демакияж.jpg
		..\..\..\Downloads\Салон красоты - услуги\Салон красоты - услуги\Сессия 1\services_b_import\Услуги салона красоты\Депиляция воском.jpg = ..\..\..\Downloads\Салон красоты - услуги\Салон красоты - услуги\Сессия 1\services_b_import\Услуги салона красоты\Депиляция воском.jpg
		..\..\..\Downloads\Салон красоты - услуги\Салон красоты - услуги\Сессия 1\services_b_import\Услуги салона красоты\Европейский маникюр.jpg = ..\..\..\Downloads\Салон красоты - услуги\Салон красоты - услуги\Сессия 1\services_b_import\Услуги салона красоты\Европейский маникюр.jpg
		..\..\..\Downloads\Салон красоты - услуги\Салон красоты - услуги\Сессия 1\services_b_import\Услуги салона красоты\ИК-сауна.jpg = ..\..\..\Downloads\Салон красоты - услуги\Салон красоты - услуги\Сессия 1\services_b_import\Услуги салона красоты\ИК-сауна.jpg
		..\..\..\Downloads\Салон красоты - услуги\Салон красоты - услуги\Сессия 1\services_b_import\Услуги салона красоты\Классический маникюр.png = ..\..\..\Downloads\Салон красоты - услуги\Салон красоты - услуги\Сессия 1\services_b_import\Услуги салона красоты\Классический маникюр.png
		..\..\..\Downloads\Салон красоты - услуги\Салон красоты - услуги\Сессия 1\services_b_import\Услуги салона красоты\Комбинированный маникюр.jpg = ..\..\..\Downloads\Салон красоты - услуги\Салон красоты - услуги\Сессия 1\services_b_import\Услуги салона красоты\Комбинированный маникюр.jpg
		..\..\..\Downloads\Салон красоты - услуги\Салон красоты - услуги\Сессия 1\services_b_import\Услуги салона красоты\Контурная пластика.jpg = ..\..\..\Downloads\Салон красоты - услуги\Салон красоты - услуги\Сессия 1\services_b_import\Услуги салона красоты\Контурная пластика.jpg
		..\..\..\Downloads\Салон красоты - услуги\Салон красоты - услуги\Сессия 1\services_b_import\Услуги салона красоты\массаж.jpg = ..\..\..\Downloads\Салон красоты - услуги\Салон красоты - услуги\Сессия 1\services_b_import\Услуги салона красоты\массаж.jpg
		..\..\..\Downloads\Салон красоты - услуги\Салон красоты - услуги\Сессия 1\services_b_import\Услуги салона красоты\Мезотерапия.jpg = ..\..\..\Downloads\Салон красоты - услуги\Салон красоты - услуги\Сессия 1\services_b_import\Услуги салона красоты\Мезотерапия.jpg
		..\..\..\Downloads\Салон красоты - услуги\Салон красоты - услуги\Сессия 1\services_b_import\Услуги салона красоты\Моделирование ресниц.jpg = ..\..\..\Downloads\Салон красоты - услуги\Салон красоты - услуги\Сессия 1\services_b_import\Услуги салона красоты\Моделирование ресниц.jpg
		..\..\..\Downloads\Салон красоты - услуги\Салон красоты - услуги\Сессия 1\services_b_import\Услуги салона красоты\ногти.png = ..\..\..\Downloads\Салон красоты - услуги\Салон красоты - услуги\Сессия 1\services_b_import\Услуги салона красоты\ногти.png
		..\..\..\Downloads\Салон красоты - услуги\Салон красоты - услуги\Сессия 1\services_b_import\Услуги салона красоты\Окрашивание бровей.jpg = ..\..\..\Downloads\Салон красоты - услуги\Салон красоты - услуги\Сессия 1\services_b_import\Услуги салона красоты\Окрашивание бровей.jpg
		..\..\..\Downloads\Салон красоты - услуги\Салон красоты - услуги\Сессия 1\services_b_import\Услуги салона красоты\Парафинотерапия.jpg = ..\..\..\Downloads\Салон красоты - услуги\Салон красоты - услуги\Сессия 1\services_b_import\Услуги салона красоты\Парафинотерапия.jpg
		..\..\..\Downloads\Салон красоты - услуги\Салон красоты - услуги\Сессия 1\services_b_import\Услуги салона красоты\Покрытие ногтей гель-лаком.jpg = ..\..\..\Downloads\Салон красоты - услуги\Салон красоты - услуги\Сессия 1\services_b_import\Услуги салона красоты\Покрытие ногтей гель-лаком.jpg
		..\..\..\Downloads\Салон красоты - услуги\Салон красоты - услуги\Сессия 1\services_b_import\Услуги салона красоты\Полировка ногтей.jpg = ..\..\..\Downloads\Салон красоты - услуги\Салон красоты - услуги\Сессия 1\services_b_import\Услуги салона красоты\Полировка ногтей.jpg
		..\..\..\Downloads\Салон красоты - услуги\Салон красоты - услуги\Сессия 1\services_b_import\Услуги салона красоты\Прессотерапия.jpg = ..\..\..\Downloads\Салон красоты - услуги\Салон красоты - услуги\Сессия 1\services_b_import\Услуги салона красоты\Прессотерапия.jpg
		..\..\..\Downloads\Салон красоты - услуги\Салон красоты - услуги\Сессия 1\services_b_import\Услуги салона красоты\Прокол ушей пистолетом.png = ..\..\..\Downloads\Салон красоты - услуги\Салон красоты - услуги\Сессия 1\services_b_import\Услуги салона красоты\Прокол ушей пистолетом.png
		..\..\..\Downloads\Салон красоты - услуги\Салон красоты - услуги\Сессия 1\services_b_import\Услуги салона красоты\Ресницы.png = ..\..\..\Downloads\Салон красоты - услуги\Салон красоты - услуги\Сессия 1\services_b_import\Услуги салона красоты\Ресницы.png
		..\..\..\Downloads\Салон красоты - услуги\Салон красоты - услуги\Сессия 1\services_b_import\Услуги салона красоты\Снятие ресниц.jpg = ..\..\..\Downloads\Салон красоты - услуги\Салон красоты - услуги\Сессия 1\services_b_import\Услуги салона красоты\Снятие ресниц.jpg
		..\..\..\Downloads\Салон красоты - услуги\Салон красоты - услуги\Сессия 1\services_b_import\Услуги салона красоты\Стоун-терапия.jpg = ..\..\..\Downloads\Салон красоты - услуги\Салон красоты - услуги\Сессия 1\services_b_import\Услуги салона красоты\Стоун-терапия.jpg
		..\..\..\Downloads\Салон красоты - услуги\Салон красоты - услуги\Сессия 1\services_b_import\Услуги салона красоты\стрижка.png = ..\..\..\Downloads\Салон красоты - услуги\Салон красоты - услуги\Сессия 1\services_b_import\Услуги салона красоты\стрижка.png
		..\..\..\Downloads\Салон красоты - услуги\Салон красоты - услуги\Сессия 1\services_b_import\Услуги салона красоты\Укрепление ногтей гелем.jpg = ..\..\..\Downloads\Салон красоты - услуги\Салон красоты - услуги\Сессия 1\services_b_import\Услуги салона красоты\Укрепление ногтей гелем.jpg
		..\..\..\Downloads\Салон красоты - услуги\Салон красоты - услуги\Сессия 1\services_b_import\Услуги салона красоты\Шугаринг.jpg = ..\..\..\Downloads\Салон красоты - услуги\Салон красоты - услуги\Сессия 1\services_b_import\Услуги салона красоты\Шугаринг.jpg
		..\..\..\Downloads\Салон красоты - услуги\Салон красоты - услуги\Сессия 1\services_b_import\Услуги салона красоты\Экспресс SPA.png = ..\..\..\Downloads\Салон красоты - услуги\Салон красоты - услуги\Сессия 1\services_b_import\Услуги салона красоты\Экспресс SPA.png
		..\..\..\Downloads\Салон красоты - услуги\Салон красоты - услуги\Сессия 1\services_b_import\Услуги салона красоты\Экспресс-педикюр.jpg = ..\..\..\Downloads\Салон красоты - услуги\Салон красоты - услуги\Сессия 1\services_b_import\Услуги салона красоты\Экспресс-педикюр.jpg
	EndProjectSection
EndProject
Global
	GlobalSection(SolutionConfigurationPlatforms) = preSolution
		Debug|Any CPU = Debug|Any CPU
		Release|Any CPU = Release|Any CPU
	EndGlobalSection
	GlobalSection(ProjectConfigurationPlatforms) = postSolution
		{7F479457-64CD-4899-92D5-A726AFFC3C41}.Debug|Any CPU.ActiveCfg = Debug|Any CPU
		{7F479457-64CD-4899-92D5-A726AFFC3C41}.Debug|Any CPU.Build.0 = Debug|Any CPU
		{7F479457-64CD-4899-92D5-A726AFFC3C41}.Release|Any CPU.ActiveCfg = Release|Any CPU
		{7F479457-64CD-4899-92D5-A726AFFC3C41}.Release|Any CPU.Build.0 = Release|Any CPU
	EndGlobalSection
	GlobalSection(SolutionProperties) = preSolution
		HideSolutionNode = FALSE
	EndGlobalSection
	GlobalSection(ExtensibilityGlobals) = postSolution
		SolutionGuid = {F7348DF4-7A67-46FF-AB05-98BD86898ABF}
	EndGlobalSection
EndGlobal
